# This file is automatically @generated by Cargo.
# It is not intended for manual editing.
version = 4

[[package]]
name = "glm53f-api"
version = "0.1.0"

[[package]]
name = "glm53f-coordinator"
version = "0.1.0"
dependencies = [
 "glm53f-api",
 "glm53f-rdma",
 "glm53f-tokenizer",
 "glm53f-wire",
]

[[package]]
name = "glm53f-dflash"
version = "0.1.0"
dependencies = [
 "glm53f-model",
]

[[package]]
name = "glm53f-dsa"
version = "0.1.0"

[[package]]
name = "glm53f-forward"
version = "0.1.0"
dependencies = [
 "glm53f-api",
 "glm53f-coordinator",
 "glm53f-dflash",
 "glm53f-dsa",
 "glm53f-kda",
 "glm53f-layers",
 "glm53f-model",
 "glm53f-wire",
]

[[package]]
name = "glm53f-kda"
version = "0.1.0"

[[package]]
name = "glm53f-layers"
version = "0.1.0"

[[package]]
name = "glm53f-model"
version = "0.1.0"

[[package]]
name = "glm53f-rank"
version = "0.1.0"
dependencies = [
 "glm53f-model",
 "glm53f-rdma",
 "glm53f-wire",
]

[[package]]
name = "glm53f-rdma"
version = "0.1.0"

[[package]]
name = "glm53f-score"
version = "0.1.0"
dependencies = [
 "glm53f-coordinator",
 "glm53f-dsa",
 "glm53f-forward",
 "glm53f-model",
 "glm53f-serve",
]

[[package]]
name = "glm53f-serve"
version = "0.1.0"
dependencies = [
 "glm53f-api",
 "glm53f-coordinator",
 "glm53f-forward",
]

[[package]]
name = "glm53f-tokenizer"
version = "0.1.0"

[[package]]
name = "glm53f-wire"
version = "0.1.0"
